// !$*UTF8*$!
{
	archiveVersion = 1;
	classes = {
	};
	objectVersion = 46;
	objects = {

/* Begin PBXBuildFile section */
		1CE31A6B1FFBC4AA00248A69 /* PRMMovie.m in Sources */ = {isa = PBXBuildFile; fileRef = 1CE31A6A1FFBC4AA00248A69 /* PRMMovie.m */; };
		1CE31A6F1FFBCC6C00248A69 /* PRMModelController.m in Sources */ = {isa = PBXBuildFile; fileRef = 1CE31A6E1FFBCC6C00248A69 /* PRMModelController.m */; };
		1CE31A731FFBCC9300248A69 /* PRMModelFactory.m in Sources */ = {isa = PBXBuildFile; fileRef = 1CE31A721FFBCC9300248A69 /* PRMModelFactory.m */; };
		1CE31A821FFBD04B00248A69 /* PRMRequest.m in Sources */ = {isa = PBXBuildFile; fileRef = 1CE31A7B1FFBD04B00248A69 /* PRMRequest.m */; };
		1CE31A831FFBD04B00248A69 /* Reachability.m in Sources */ = {isa = PBXBuildFile; fileRef = 1CE31A7E1FFBD04B00248A69 /* Reachability.m */; };
		1CE31A841FFBD04B00248A69 /* PRMServiceHandler.m in Sources */ = {isa = PBXBuildFile; fileRef = 1CE31A811FFBD04B00248A69 /* PRMServiceHandler.m */; };
		1CE31A891FFC056500248A69 /* PRMMovieTableViewCell.m in Sources */ = {isa = PBXBuildFile; fileRef = 1CE31A871FFC056500248A69 /* PRMMovieTableViewCell.m */; };
		1CE31A8A1FFC056500248A69 /* PRMMovieTableViewCell.xib in Resources */ = {isa = PBXBuildFile; fileRef = 1CE31A881FFC056500248A69 /* PRMMovieTableViewCell.xib */; };
		1CE31A9A1FFCF7B800248A69 /* topmovie.png in Resources */ = {isa = PBXBuildFile; fileRef = 1CE31A971FFCF7B800248A69 /* topmovie.png */; };
		1CE31A9C1FFCF7B800248A69 /* rating.png in Resources */ = {isa = PBXBuildFile; fileRef = 1CE31A991FFCF7B800248A69 /* rating.png */; };
		1CE31A9E1FFCFA2000248A69 /* Localizable.strings in Resources */ = {isa = PBXBuildFile; fileRef = 1CE31A9D1FFCFA2000248A69 /* Localizable.strings */; };
		1CE31AA01FFD1CF100248A69 /* PRMModelFactoryTests.m in Sources */ = {isa = PBXBuildFile; fileRef = 1CE31A9F1FFD1CF100248A69 /* PRMModelFactoryTests.m */; };
		1CE31AA31FFD1F0800248A69 /* GetMovieSuccess.json in Resources */ = {isa = PBXBuildFile; fileRef = 1CE31AA21FFD1F0800248A69 /* GetMovieSuccess.json */; };
		1CE31AA51FFD296400248A69 /* PRMModelControllerTests.m in Sources */ = {isa = PBXBuildFile; fileRef = 1CE31AA41FFD296400248A69 /* PRMModelControllerTests.m */; };
		1CE31AAA1FFD300C00248A69 /* PRMTopViewController.m in Sources */ = {isa = PBXBuildFile; fileRef = 1CE31AA81FFD300C00248A69 /* PRMTopViewController.m */; };
		1CE31AAB1FFD300C00248A69 /* PRMTopViewController.xib in Resources */ = {isa = PBXBuildFile; fileRef = 1CE31AA91FFD300C00248A69 /* PRMTopViewController.xib */; };
		1CE31AAE1FFD39D400248A69 /* UINavigationBar+PRMNavBarStyle.m in Sources */ = {isa = PBXBuildFile; fileRef = 1CE31AAD1FFD39D400248A69 /* UINavigationBar+PRMNavBarStyle.m */; };
		AF8624FBF75EE6E4A5A3DA46 /* libPods-PremierObjC.a in Frameworks */ = {isa = PBXBuildFile; fileRef = 46ABCAC5D195392644884FD1 /* libPods-PremierObjC.a */; };
		E55935863D3534578F9840D9 /* libPods-PremierObjCTests.a in Frameworks */ = {isa = PBXBuildFile; fileRef = 23C412115D898E8223FB2A38 /* libPods-PremierObjCTests.a */; };
		F81DFE4B1F8B914900528F3F /* UIKit+PRMStyles.m in Sources */ = {isa = PBXBuildFile; fileRef = F81DFE4A1F8B914900528F3F /* UIKit+PRMStyles.m */; };
		F888BF2F1D86A6B300218030 /* main.m in Sources */ = {isa = PBXBuildFile; fileRef = F888BF2E1D86A6B300218030 /* main.m */; };
		F888BF321D86A6B300218030 /* PRMAppDelegate.m in Sources */ = {isa = PBXBuildFile; fileRef = F888BF311D86A6B300218030 /* PRMAppDelegate.m */; };
		F888BF351D86A6B300218030 /* PRMMoviesViewController.m in Sources */ = {isa = PBXBuildFile; fileRef = F888BF341D86A6B300218030 /* PRMMoviesViewController.m */; };
		F888BF3A1D86A6B300218030 /* Assets.xcassets in Resources */ = {isa = PBXBuildFile; fileRef = F888BF391D86A6B300218030 /* Assets.xcassets */; };
		F888BF3D1D86A6B300218030 /* LaunchScreen.storyboard in Resources */ = {isa = PBXBuildFile; fileRef = F888BF3B1D86A6B300218030 /* LaunchScreen.storyboard */; };
		F888BF481D86A6B400218030 /* PremierObjCTests.m in Sources */ = {isa = PBXBuildFile; fileRef = F888BF471D86A6B400218030 /* PremierObjCTests.m */; };
/* End PBXBuildFile section */

/* Begin PBXContainerItemProxy section */
		F888BF441D86A6B400218030 /* PBXContainerItemProxy */ = {
			isa = PBXContainerItemProxy;
			containerPortal = F888BF221D86A6B300218030 /* Project object */;
			proxyType = 1;
			remoteGlobalIDString = F888BF291D86A6B300218030;
			remoteInfo = PremierObjC;
		};
/* End PBXContainerItemProxy section */

/* Begin PBXFileReference section */
		070145B8736C3204A596B70B /* Pods-PremierObjCTests.debug.xcconfig */ = {isa = PBXFileReference; includeInIndex = 1; lastKnownFileType = text.xcconfig; name = "Pods-PremierObjCTests.debug.xcconfig"; path = "Pods/Target Support Files/Pods-PremierObjCTests/Pods-PremierObjCTests.debug.xcconfig"; sourceTree = "<group>"; };
		1CE31A691FFBC4AA00248A69 /* PRMMovie.h */ = {isa = PBXFileReference; lastKnownFileType = sourcecode.c.h; path = PRMMovie.h; sourceTree = "<group>"; };
		1CE31A6A1FFBC4AA00248A69 /* PRMMovie.m */ = {isa = PBXFileReference; lastKnownFileType = sourcecode.c.objc; path = PRMMovie.m; sourceTree = "<group>"; };
		1CE31A6D1FFBCC6C00248A69 /* PRMModelController.h */ = {isa = PBXFileReference; lastKnownFileType = sourcecode.c.h; path = PRMModelController.h; sourceTree = "<group>"; };
		1CE31A6E1FFBCC6C00248A69 /* PRMModelController.m */ = {isa = PBXFileReference; lastKnownFileType = sourcecode.c.objc; path = PRMModelController.m; sourceTree = "<group>"; };
		1CE31A711FFBCC9300248A69 /* PRMModelFactory.h */ = {isa = PBXFileReference; lastKnownFileType = sourcecode.c.h; path = PRMModelFactory.h; sourceTree = "<group>"; };
		1CE31A721FFBCC9300248A69 /* PRMModelFactory.m */ = {isa = PBXFileReference; lastKnownFileType = sourcecode.c.objc; path = PRMModelFactory.m; sourceTree = "<group>"; };
		1CE31A7A1FFBD04B00248A69 /* PRMRequest.h */ = {isa = PBXFileReference; fileEncoding = 4; lastKnownFileType = sourcecode.c.h; path = PRMRequest.h; sourceTree = "<group>"; };
		1CE31A7B1FFBD04B00248A69 /* PRMRequest.m */ = {isa = PBXFileReference; fileEncoding = 4; lastKnownFileType = sourcecode.c.objc; path = PRMRequest.m; sourceTree = "<group>"; };
		1CE31A7D1FFBD04B00248A69 /* Reachability.h */ = {isa = PBXFileReference; fileEncoding = 4; lastKnownFileType = sourcecode.c.h; path = Reachability.h; sourceTree = "<group>"; };
		1CE31A7E1FFBD04B00248A69 /* Reachability.m */ = {isa = PBXFileReference; fileEncoding = 4; lastKnownFileType = sourcecode.c.objc; path = Reachability.m; sourceTree = "<group>"; };
		1CE31A801FFBD04B00248A69 /* PRMServiceHandler.h */ = {isa = PBXFileReference; fileEncoding = 4; lastKnownFileType = sourcecode.c.h; path = PRMServiceHandler.h; sourceTree = "<group>"; };
		1CE31A811FFBD04B00248A69 /* PRMServiceHandler.m */ = {isa = PBXFileReference; fileEncoding = 4; lastKnownFileType = sourcecode.c.objc; path = PRMServiceHandler.m; sourceTree = "<group>"; };
		1CE31A861FFC056500248A69 /* PRMMovieTableViewCell.h */ = {isa = PBXFileReference; lastKnownFileType = sourcecode.c.h; path = PRMMovieTableViewCell.h; sourceTree = "<group>"; };
		1CE31A871FFC056500248A69 /* PRMMovieTableViewCell.m */ = {isa = PBXFileReference; lastKnownFileType = sourcecode.c.objc; path = PRMMovieTableViewCell.m; sourceTree = "<group>"; };
		1CE31A881FFC056500248A69 /* PRMMovieTableViewCell.xib */ = {isa = PBXFileReference; lastKnownFileType = file.xib; path = PRMMovieTableViewCell.xib; sourceTree = "<group>"; };
		1CE31A971FFCF7B800248A69 /* topmovie.png */ = {isa = PBXFileReference; lastKnownFileType = image.png; path = topmovie.png; sourceTree = "<group>"; };
		1CE31A991FFCF7B800248A69 /* rating.png */ = {isa = PBXFileReference; lastKnownFileType = image.png; path = rating.png; sourceTree = "<group>"; };
		1CE31A9D1FFCFA2000248A69 /* Localizable.strings */ = {isa = PBXFileReference; lastKnownFileType = text.plist.strings; path = Localizable.strings; sourceTree = "<group>"; };
		1CE31A9F1FFD1CF100248A69 /* PRMModelFactoryTests.m */ = {isa = PBXFileReference; lastKnownFileType = sourcecode.c.objc; path = PRMModelFactoryTests.m; sourceTree = "<group>"; };
		1CE31AA21FFD1F0800248A69 /* GetMovieSuccess.json */ = {isa = PBXFileReference; fileEncoding = 4; lastKnownFileType = text.json; path = GetMovieSuccess.json; sourceTree = "<group>"; };
		1CE31AA41FFD296400248A69 /* PRMModelControllerTests.m */ = {isa = PBXFileReference; lastKnownFileType = sourcecode.c.objc; path = PRMModelControllerTests.m; sourceTree = "<group>"; };
		1CE31AA71FFD300C00248A69 /* PRMTopViewController.h */ = {isa = PBXFileReference; fileEncoding = 4; lastKnownFileType = sourcecode.c.h; path = PRMTopViewController.h; sourceTree = "<group>"; };
		1CE31AA81FFD300C00248A69 /* PRMTopViewController.m */ = {isa = PBXFileReference; fileEncoding = 4; lastKnownFileType = sourcecode.c.objc; path = PRMTopViewController.m; sourceTree = "<group>"; };
		1CE31AA91FFD300C00248A69 /* PRMTopViewController.xib */ = {isa = PBXFileReference; fileEncoding = 4; lastKnownFileType = file.xib; path = PRMTopViewController.xib; sourceTree = "<group>"; };
		1CE31AAC1FFD39D400248A69 /* UINavigationBar+PRMNavBarStyle.h */ = {isa = PBXFileReference; lastKnownFileType = sourcecode.c.h; name = "UINavigationBar+PRMNavBarStyle.h"; path = "PRMNavigationBar/UINavigationBar+PRMNavBarStyle.h"; sourceTree = "<group>"; };
		1CE31AAD1FFD39D400248A69 /* UINavigationBar+PRMNavBarStyle.m */ = {isa = PBXFileReference; lastKnownFileType = sourcecode.c.objc; name = "UINavigationBar+PRMNavBarStyle.m"; path = "PRMNavigationBar/UINavigationBar+PRMNavBarStyle.m"; sourceTree = "<group>"; };
		23C412115D898E8223FB2A38 /* libPods-PremierObjCTests.a */ = {isa = PBXFileReference; explicitFileType = archive.ar; includeInIndex = 0; path = "libPods-PremierObjCTests.a"; sourceTree = BUILT_PRODUCTS_DIR; };
		46ABCAC5D195392644884FD1 /* libPods-PremierObjC.a */ = {isa = PBXFileReference; explicitFileType = archive.ar; includeInIndex = 0; path = "libPods-PremierObjC.a"; sourceTree = BUILT_PRODUCTS_DIR; };
		532037C0492243BF81050047 /* Pods-PremierObjC.debug.xcconfig */ = {isa = PBXFileReference; includeInIndex = 1; lastKnownFileType = text.xcconfig; name = "Pods-PremierObjC.debug.xcconfig"; path = "Pods/Target Support Files/Pods-PremierObjC/Pods-PremierObjC.debug.xcconfig"; sourceTree = "<group>"; };
		95F43F620E67A93082B61481 /* Pods-PremierObjC.release.xcconfig */ = {isa = PBXFileReference; includeInIndex = 1; lastKnownFileType = text.xcconfig; name = "Pods-PremierObjC.release.xcconfig"; path = "Pods/Target Support Files/Pods-PremierObjC/Pods-PremierObjC.release.xcconfig"; sourceTree = "<group>"; };
		A29D4442223DA2519DDC043E /* Pods-PremierObjCTests.release.xcconfig */ = {isa = PBXFileReference; includeInIndex = 1; lastKnownFileType = text.xcconfig; name = "Pods-PremierObjCTests.release.xcconfig"; path = "Pods/Target Support Files/Pods-PremierObjCTests/Pods-PremierObjCTests.release.xcconfig"; sourceTree = "<group>"; };
		F81DFE491F8B914900528F3F /* UIKit+PRMStyles.h */ = {isa = PBXFileReference; lastKnownFileType = sourcecode.c.h; path = "UIKit+PRMStyles.h"; sourceTree = "<group>"; };
		F81DFE4A1F8B914900528F3F /* UIKit+PRMStyles.m */ = {isa = PBXFileReference; lastKnownFileType = sourcecode.c.objc; path = "UIKit+PRMStyles.m"; sourceTree = "<group>"; };
		F888BF2A1D86A6B300218030 /* PremierObjC.app */ = {isa = PBXFileReference; explicitFileType = wrapper.application; includeInIndex = 0; path = PremierObjC.app; sourceTree = BUILT_PRODUCTS_DIR; };
		F888BF2E1D86A6B300218030 /* main.m */ = {isa = PBXFileReference; lastKnownFileType = sourcecode.c.objc; path = main.m; sourceTree = "<group>"; };
		F888BF301D86A6B300218030 /* PRMAppDelegate.h */ = {isa = PBXFileReference; lastKnownFileType = sourcecode.c.h; path = PRMAppDelegate.h; sourceTree = "<group>"; };
		F888BF311D86A6B300218030 /* PRMAppDelegate.m */ = {isa = PBXFileReference; lastKnownFileType = sourcecode.c.objc; path = PRMAppDelegate.m; sourceTree = "<group>"; };
		F888BF331D86A6B300218030 /* PRMMoviesViewController.h */ = {isa = PBXFileReference; lastKnownFileType = sourcecode.c.h; path = PRMMoviesViewController.h; sourceTree = "<group>"; };
		F888BF341D86A6B300218030 /* PRMMoviesViewController.m */ = {isa = PBXFileReference; lastKnownFileType = sourcecode.c.objc; path = PRMMoviesViewController.m; sourceTree = "<group>"; };
		F888BF391D86A6B300218030 /* Assets.xcassets */ = {isa = PBXFileReference; lastKnownFileType = folder.assetcatalog; path = Assets.xcassets; sourceTree = "<group>"; };
		F888BF3C1D86A6B300218030 /* Base */ = {isa = PBXFileReference; lastKnownFileType = file.storyboard; name = Base; path = Base.lproj/LaunchScreen.storyboard; sourceTree = "<group>"; };
		F888BF3E1D86A6B300218030 /* Info.plist */ = {isa = PBXFileReference; lastKnownFileType = text.plist.xml; path = Info.plist; sourceTree = "<group>"; };
		F888BF431D86A6B400218030 /* PremierObjCTests.xctest */ = {isa = PBXFileReference; explicitFileType = wrapper.cfbundle; includeInIndex = 0; path = PremierObjCTests.xctest; sourceTree = BUILT_PRODUCTS_DIR; };
		F888BF471D86A6B400218030 /* PremierObjCTests.m */ = {isa = PBXFileReference; lastKnownFileType = sourcecode.c.objc; path = PremierObjCTests.m; sourceTree = "<group>"; };
		F888BF491D86A6B400218030 /* Info.plist */ = {isa = PBXFileReference; lastKnownFileType = text.plist.xml; path = Info.plist; sourceTree = "<group>"; };
/* End PBXFileReference section */

/* Begin PBXFrameworksBuildPhase section */
		F888BF271D86A6B300218030 /* Frameworks */ = {
			isa = PBXFrameworksBuildPhase;
			buildActionMask = 2147483647;
			files = (
				AF8624FBF75EE6E4A5A3DA46 /* libPods-PremierObjC.a in Frameworks */,
			);
			runOnlyForDeploymentPostprocessing = 0;
		};
		F888BF401D86A6B400218030 /* Frameworks */ = {
			isa = PBXFrameworksBuildPhase;
			buildActionMask = 2147483647;
			files = (
				E55935863D3534578F9840D9 /* libPods-PremierObjCTests.a in Frameworks */,
			);
			runOnlyForDeploymentPostprocessing = 0;
		};
/* End PBXFrameworksBuildPhase section */

/* Begin PBXGroup section */
		1CE31A681FFBC48300248A69 /* PremierMovie */ = {
			isa = PBXGroup;
			children = (
				1CE31A691FFBC4AA00248A69 /* PRMMovie.h */,
				1CE31A6A1FFBC4AA00248A69 /* PRMMovie.m */,
			);
			path = PremierMovie;
			sourceTree = "<group>";
		};
		1CE31A6C1FFBCC4600248A69 /* PRMModelController */ = {
			isa = PBXGroup;
			children = (
				1CE31A6D1FFBCC6C00248A69 /* PRMModelController.h */,
				1CE31A6E1FFBCC6C00248A69 /* PRMModelController.m */,
			);
			path = PRMModelController;
			sourceTree = "<group>";
		};
		1CE31A701FFBCC7A00248A69 /* ModelFactory */ = {
			isa = PBXGroup;
			children = (
				1CE31A711FFBCC9300248A69 /* PRMModelFactory.h */,
				1CE31A721FFBCC9300248A69 /* PRMModelFactory.m */,
			);
			path = ModelFactory;
			sourceTree = "<group>";
		};
		1CE31A741FFBCCB600248A69 /* Utilities */ = {
			isa = PBXGroup;
			children = (
				F81DFE491F8B914900528F3F /* UIKit+PRMStyles.h */,
				F81DFE4A1F8B914900528F3F /* UIKit+PRMStyles.m */,
				1CE31AAC1FFD39D400248A69 /* UINavigationBar+PRMNavBarStyle.h */,
				1CE31AAD1FFD39D400248A69 /* UINavigationBar+PRMNavBarStyle.m */,
			);
			path = Utilities;
			sourceTree = "<group>";
		};
		1CE31A751FFBCCC200248A69 /* AppDelegate */ = {
			isa = PBXGroup;
			children = (
				F888BF301D86A6B300218030 /* PRMAppDelegate.h */,
				F888BF311D86A6B300218030 /* PRMAppDelegate.m */,
			);
			path = AppDelegate;
			sourceTree = "<group>";
		};
		1CE31A761FFBCCCA00248A69 /* UserInterface */ = {
			isa = PBXGroup;
			children = (
				1CE31AA61FFD300C00248A69 /* PRMTopViewController */,
				1CE31A771FFBCCEC00248A69 /* PRMMoviesViewController */,
			);
			path = UserInterface;
			sourceTree = "<group>";
		};
		1CE31A771FFBCCEC00248A69 /* PRMMoviesViewController */ = {
			isa = PBXGroup;
			children = (
				1CE31A851FFC051400248A69 /* PRMMovieTableCell */,
				F888BF331D86A6B300218030 /* PRMMoviesViewController.h */,
				F888BF341D86A6B300218030 /* PRMMoviesViewController.m */,
			);
			path = PRMMoviesViewController;
			sourceTree = "<group>";
		};
		1CE31A781FFBD04B00248A69 /* Networking */ = {
			isa = PBXGroup;
			children = (
				1CE31A791FFBD04B00248A69 /* PRMRequest */,
				1CE31A7C1FFBD04B00248A69 /* Reachability */,
				1CE31A7F1FFBD04B00248A69 /* RequestHandler */,
			);
			path = Networking;
			sourceTree = "<group>";
		};
		1CE31A791FFBD04B00248A69 /* PRMRequest */ = {
			isa = PBXGroup;
			children = (
				1CE31A7A1FFBD04B00248A69 /* PRMRequest.h */,
				1CE31A7B1FFBD04B00248A69 /* PRMRequest.m */,
			);
			path = PRMRequest;
			sourceTree = "<group>";
		};
		1CE31A7C1FFBD04B00248A69 /* Reachability */ = {
			isa = PBXGroup;
			children = (
				1CE31A7D1FFBD04B00248A69 /* Reachability.h */,
				1CE31A7E1FFBD04B00248A69 /* Reachability.m */,
			);
			path = Reachability;
			sourceTree = "<group>";
		};
		1CE31A7F1FFBD04B00248A69 /* RequestHandler */ = {
			isa = PBXGroup;
			children = (
				1CE31A801FFBD04B00248A69 /* PRMServiceHandler.h */,
				1CE31A811FFBD04B00248A69 /* PRMServiceHandler.m */,
			);
			path = RequestHandler;
			sourceTree = "<group>";
		};
		1CE31A851FFC051400248A69 /* PRMMovieTableCell */ = {
			isa = PBXGroup;
			children = (
				1CE31A861FFC056500248A69 /* PRMMovieTableViewCell.h */,
				1CE31A871FFC056500248A69 /* PRMMovieTableViewCell.m */,
				1CE31A881FFC056500248A69 /* PRMMovieTableViewCell.xib */,
			);
			path = PRMMovieTableCell;
			sourceTree = "<group>";
		};
		1CE31A931FFC666A00248A69 /* Model */ = {
			isa = PBXGroup;
			children = (
				1CE31A701FFBCC7A00248A69 /* ModelFactory */,
				1CE31A6C1FFBCC4600248A69 /* PRMModelController */,
				1CE31A681FFBC48300248A69 /* PremierMovie */,
			);
			path = Model;
			sourceTree = "<group>";
		};
		1CE31A941FFC66C100248A69 /* Resources */ = {
			isa = PBXGroup;
			children = (
				1CE31A991FFCF7B800248A69 /* rating.png */,
				1CE31A971FFCF7B800248A69 /* topmovie.png */,
				1CE31A9D1FFCFA2000248A69 /* Localizable.strings */,
			);
			path = Resources;
			sourceTree = "<group>";
		};
		1CE31AA11FFD1F0800248A69 /* Fixtures */ = {
			isa = PBXGroup;
			children = (
				1CE31AA21FFD1F0800248A69 /* GetMovieSuccess.json */,
			);
			path = Fixtures;
			sourceTree = "<group>";
		};
		1CE31AA61FFD300C00248A69 /* PRMTopViewController */ = {
			isa = PBXGroup;
			children = (
				1CE31AA71FFD300C00248A69 /* PRMTopViewController.h */,
				1CE31AA81FFD300C00248A69 /* PRMTopViewController.m */,
				1CE31AA91FFD300C00248A69 /* PRMTopViewController.xib */,
			);
			path = PRMTopViewController;
			sourceTree = "<group>";
		};
		CAA335828080F3FB8665E472 /* Frameworks */ = {
			isa = PBXGroup;
			children = (
				46ABCAC5D195392644884FD1 /* libPods-PremierObjC.a */,
				23C412115D898E8223FB2A38 /* libPods-PremierObjCTests.a */,
			);
			name = Frameworks;
			sourceTree = "<group>";
		};
		DF34C266985E8AFA7B7A8A1C /* Pods */ = {
			isa = PBXGroup;
			children = (
				532037C0492243BF81050047 /* Pods-PremierObjC.debug.xcconfig */,
				95F43F620E67A93082B61481 /* Pods-PremierObjC.release.xcconfig */,
				070145B8736C3204A596B70B /* Pods-PremierObjCTests.debug.xcconfig */,
				A29D4442223DA2519DDC043E /* Pods-PremierObjCTests.release.xcconfig */,
			);
			name = Pods;
			sourceTree = "<group>";
		};
		F888BF211D86A6B300218030 = {
			isa = PBXGroup;
			children = (
				F888BF2C1D86A6B300218030 /* PremierObjC */,
				CAA335828080F3FB8665E472 /* Frameworks */,
				DF34C266985E8AFA7B7A8A1C /* Pods */,
				F888BF461D86A6B400218030 /* PremierObjCTests */,
				F888BF2B1D86A6B300218030 /* Products */,
			);
			sourceTree = "<group>";
		};
		F888BF2B1D86A6B300218030 /* Products */ = {
			isa = PBXGroup;
			children = (
				F888BF2A1D86A6B300218030 /* PremierObjC.app */,
				F888BF431D86A6B400218030 /* PremierObjCTests.xctest */,
			);
			name = Products;
			sourceTree = "<group>";
		};
		F888BF2C1D86A6B300218030 /* PremierObjC */ = {
			isa = PBXGroup;
			children = (
				1CE31A751FFBCCC200248A69 /* AppDelegate */,
				1CE31A931FFC666A00248A69 /* Model */,
				1CE31A781FFBD04B00248A69 /* Networking */,
				1CE31A761FFBCCCA00248A69 /* UserInterface */,
				1CE31A941FFC66C100248A69 /* Resources */,
				1CE31A741FFBCCB600248A69 /* Utilities */,
				F888BF2D1D86A6B300218030 /* Supporting Files */,
				F888BF391D86A6B300218030 /* Assets.xcassets */,
				F888BF3E1D86A6B300218030 /* Info.plist */,
				F888BF3B1D86A6B300218030 /* LaunchScreen.storyboard */,
			);
			path = PremierObjC;
			sourceTree = "<group>";
		};
		F888BF2D1D86A6B300218030 /* Supporting Files */ = {
			isa = PBXGroup;
			children = (
				F888BF2E1D86A6B300218030 /* main.m */,
			);
			path = "Supporting Files";
			sourceTree = "<group>";
		};
		F888BF461D86A6B400218030 /* PremierObjCTests */ = {
			isa = PBXGroup;
			children = (
				1CE31AA11FFD1F0800248A69 /* Fixtures */,
				F888BF491D86A6B400218030 /* Info.plist */,
				F888BF471D86A6B400218030 /* PremierObjCTests.m */,
				1CE31A9F1FFD1CF100248A69 /* PRMModelFactoryTests.m */,
				1CE31AA41FFD296400248A69 /* PRMModelControllerTests.m */,
			);
			path = PremierObjCTests;
			sourceTree = "<group>";
		};
/* End PBXGroup section */

/* Begin PBXNativeTarget section */
		F888BF291D86A6B300218030 /* PremierObjC */ = {
			isa = PBXNativeTarget;
			buildConfigurationList = F888BF4C1D86A6B400218030 /* Build configuration list for PBXNativeTarget "PremierObjC" */;
			buildPhases = (
				93E606A40E56266838EA8B97 /* [CP] Check Pods Manifest.lock */,
				F888BF261D86A6B300218030 /* Sources */,
				F888BF271D86A6B300218030 /* Frameworks */,
				F888BF281D86A6B300218030 /* Resources */,
				DD148ED7405F48CF41596306 /* [CP] Embed Pods Frameworks */,
				B4E2A82D072607D626304DB2 /* [CP] Copy Pods Resources */,
			);
			buildRules = (
			);
			dependencies = (
			);
			name = PremierObjC;
			productName = PremierObjC;
			productReference = F888BF2A1D86A6B300218030 /* PremierObjC.app */;
			productType = "com.apple.product-type.application";
		};
		F888BF421D86A6B400218030 /* PremierObjCTests */ = {
			isa = PBXNativeTarget;
			buildConfigurationList = F888BF4F1D86A6B400218030 /* Build configuration list for PBXNativeTarget "PremierObjCTests" */;
			buildPhases = (
				B2FF411D05ACFBF28D87E984 /* [CP] Check Pods Manifest.lock */,
				F888BF3F1D86A6B400218030 /* Sources */,
				F888BF401D86A6B400218030 /* Frameworks */,
				F888BF411D86A6B400218030 /* Resources */,
				14F26F392E781655EF2E6AB5 /* [CP] Embed Pods Frameworks */,
				0F62D9E2EDD887A0C51592C0 /* [CP] Copy Pods Resources */,
			);
			buildRules = (
			);
			dependencies = (
				F888BF451D86A6B400218030 /* PBXTargetDependency */,
			);
			name = PremierObjCTests;
			productName = PremierObjCTests;
			productReference = F888BF431D86A6B400218030 /* PremierObjCTests.xctest */;
			productType = "com.apple.product-type.bundle.unit-test";
		};
/* End PBXNativeTarget section */

/* Begin PBXProject section */
		F888BF221D86A6B300218030 /* Project object */ = {
			isa = PBXProject;
			attributes = {
				CLASSPREFIX = PRM;
				LastUpgradeCheck = 0900;
				ORGANIZATIONNAME = Deliveroo;
				TargetAttributes = {
					F888BF291D86A6B300218030 = {
						CreatedOnToolsVersion = 8.0;
						DevelopmentTeam = 48F92RBXW5;
						ProvisioningStyle = Automatic;
					};
					F888BF421D86A6B400218030 = {
						CreatedOnToolsVersion = 8.0;
						ProvisioningStyle = Automatic;
						TestTargetID = F888BF291D86A6B300218030;
					};
				};
			};
			buildConfigurationList = F888BF251D86A6B300218030 /* Build configuration list for PBXProject "PremierObjC" */;
			compatibilityVersion = "Xcode 3.2";
			developmentRegion = English;
			hasScannedForEncodings = 0;
			knownRegions = (
				en,
				Base,
			);
			mainGroup = F888BF211D86A6B300218030;
			productRefGroup = F888BF2B1D86A6B300218030 /* Products */;
			projectDirPath = "";
			projectRoot = "";
			targets = (
				F888BF291D86A6B300218030 /* PremierObjC */,
				F888BF421D86A6B400218030 /* PremierObjCTests */,
			);
		};
/* End PBXProject section */

/* Begin PBXResourcesBuildPhase section */
		F888BF281D86A6B300218030 /* Resources */ = {
			isa = PBXResourcesBuildPhase;
			buildActionMask = 2147483647;
			files = (
				F888BF3D1D86A6B300218030 /* LaunchScreen.storyboard in Resources */,
				1CE31A9A1FFCF7B800248A69 /* topmovie.png in Resources */,
				1CE31AAB1FFD300C00248A69 /* PRMTopViewController.xib in Resources */,
				1CE31A9C1FFCF7B800248A69 /* rating.png in Resources */,
				1CE31A9E1FFCFA2000248A69 /* Localizable.strings in Resources */,
				1CE31A8A1FFC056500248A69 /* PRMMovieTableViewCell.xib in Resources */,
				F888BF3A1D86A6B300218030 /* Assets.xcassets in Resources */,
			);
			runOnlyForDeploymentPostprocessing = 0;
		};
		F888BF411D86A6B400218030 /* Resources */ = {
			isa = PBXResourcesBuildPhase;
			buildActionMask = 2147483647;
			files = (
				1CE31AA31FFD1F0800248A69 /* GetMovieSuccess.json in Resources */,
			);
			runOnlyForDeploymentPostprocessing = 0;
		};
/* End PBXResourcesBuildPhase section */

/* Begin PBXShellScriptBuildPhase section */
		0F62D9E2EDD887A0C51592C0 /* [CP] Copy Pods Resources */ = {
			isa = PBXShellScriptBuildPhase;
			buildActionMask = 2147483647;
			files = (
			);
			inputPaths = (
			);
			name = "[CP] Copy Pods Resources";
			outputPaths = (
			);
			runOnlyForDeploymentPostprocessing = 0;
			shellPath = /bin/sh;
			shellScript = "\"${SRCROOT}/Pods/Target Support Files/Pods-PremierObjCTests/Pods-PremierObjCTests-resources.sh\"\n";
			showEnvVarsInLog = 0;
		};
		14F26F392E781655EF2E6AB5 /* [CP] Embed Pods Frameworks */ = {
			isa = PBXShellScriptBuildPhase;
			buildActionMask = 2147483647;
			files = (
			);
			inputPaths = (
			);
			name = "[CP] Embed Pods Frameworks";
			outputPaths = (
			);
			runOnlyForDeploymentPostprocessing = 0;
			shellPath = /bin/sh;
			shellScript = "\"${SRCROOT}/Pods/Target Support Files/Pods-PremierObjCTests/Pods-PremierObjCTests-frameworks.sh\"\n";
			showEnvVarsInLog = 0;
		};
		93E606A40E56266838EA8B97 /* [CP] Check Pods Manifest.lock */ = {
			isa = PBXShellScriptBuildPhase;
			buildActionMask = 2147483647;
			files = (
			);
			inputPaths = (
				"${PODS_PODFILE_DIR_PATH}/Podfile.lock",
				"${PODS_ROOT}/Manifest.lock",
			);
			name = "[CP] Check Pods Manifest.lock";
			outputPaths = (
				"$(DERIVED_FILE_DIR)/Pods-PremierObjC-checkManifestLockResult.txt",
			);
			runOnlyForDeploymentPostprocessing = 0;
			shellPath = /bin/sh;
			shellScript = "diff \"${PODS_PODFILE_DIR_PATH}/Podfile.lock\" \"${PODS_ROOT}/Manifest.lock\" > /dev/null\nif [ $? != 0 ] ; then\n    # print error to STDERR\n    echo \"error: The sandbox is not in sync with the Podfile.lock. Run 'pod install' or update your CocoaPods installation.\" >&2\n    exit 1\nfi\n# This output is used by Xcode 'outputs' to avoid re-running this script phase.\necho \"SUCCESS\" > \"${SCRIPT_OUTPUT_FILE_0}\"\n";
			showEnvVarsInLog = 0;
		};
		B2FF411D05ACFBF28D87E984 /* [CP] Check Pods Manifest.lock */ = {
			isa = PBXShellScriptBuildPhase;
			buildActionMask = 2147483647;
			files = (
			);
			inputPaths = (
				"${PODS_PODFILE_DIR_PATH}/Podfile.lock",
				"${PODS_ROOT}/Manifest.lock",
			);
			name = "[CP] Check Pods Manifest.lock";
			outputPaths = (
				"$(DERIVED_FILE_DIR)/Pods-PremierObjCTests-checkManifestLockResult.txt",
			);
			runOnlyForDeploymentPostprocessing = 0;
			shellPath = /bin/sh;
			shellScript = "diff \"${PODS_PODFILE_DIR_PATH}/Podfile.lock\" \"${PODS_ROOT}/Manifest.lock\" > /dev/null\nif [ $? != 0 ] ; then\n    # print error to STDERR\n    echo \"error: The sandbox is not in sync with the Podfile.lock. Run 'pod install' or update your CocoaPods installation.\" >&2\n    exit 1\nfi\n# This output is used by Xcode 'outputs' to avoid re-running this script phase.\necho \"SUCCESS\" > \"${SCRIPT_OUTPUT_FILE_0}\"\n";
			showEnvVarsInLog = 0;
		};
		B4E2A82D072607D626304DB2 /* [CP] Copy Pods Resources */ = {
			isa = PBXShellScriptBuildPhase;
			buildActionMask = 2147483647;
			files = (
			);
			inputPaths = (
			);
			name = "[CP] Copy Pods Resources";
			outputPaths = (
			);
			runOnlyForDeploymentPostprocessing = 0;
			shellPath = /bin/sh;
			shellScript = "\"${SRCROOT}/Pods/Target Support Files/Pods-PremierObjC/Pods-PremierObjC-resources.sh\"\n";
			showEnvVarsInLog = 0;
		};
		DD148ED7405F48CF41596306 /* [CP] Embed Pods Frameworks */ = {
			isa = PBXShellScriptBuildPhase;
			buildActionMask = 2147483647;
			files = (
			);
			inputPaths = (
			);
			name = "[CP] Embed Pods Frameworks";
			outputPaths = (
			);
			runOnlyForDeploymentPostprocessing = 0;
			shellPath = /bin/sh;
			shellScript = "\"${SRCROOT}/Pods/Target Support Files/Pods-PremierObjC/Pods-PremierObjC-frameworks.sh\"\n";
			showEnvVarsInLog = 0;
		};
/* End PBXShellScriptBuildPhase section */

/* Begin PBXSourcesBuildPhase section */
		F888BF261D86A6B300218030 /* Sources */ = {
			isa = PBXSourcesBuildPhase;
			buildActionMask = 2147483647;
			files = (
				1CE31A731FFBCC9300248A69 /* PRMModelFactory.m in Sources */,
				F888BF351D86A6B300218030 /* PRMMoviesViewController.m in Sources */,
				1CE31A6F1FFBCC6C00248A69 /* PRMModelController.m in Sources */,
				1CE31A6B1FFBC4AA00248A69 /* PRMMovie.m in Sources */,
				1CE31A891FFC056500248A69 /* PRMMovieTableViewCell.m in Sources */,
				F81DFE4B1F8B914900528F3F /* UIKit+PRMStyles.m in Sources */,
				F888BF321D86A6B300218030 /* PRMAppDelegate.m in Sources */,
				F888BF2F1D86A6B300218030 /* main.m in Sources */,
				1CE31AAA1FFD300C00248A69 /* PRMTopViewController.m in Sources */,
				1CE31A831FFBD04B00248A69 /* Reachability.m in Sources */,
				1CE31AAE1FFD39D400248A69 /* UINavigationBar+PRMNavBarStyle.m in Sources */,
				1CE31A841FFBD04B00248A69 /* PRMServiceHandler.m in Sources */,
				1CE31A821FFBD04B00248A69 /* PRMRequest.m in Sources */,
			);
			runOnlyForDeploymentPostprocessing = 0;
		};
		F888BF3F1D86A6B400218030 /* Sources */ = {
			isa = PBXSourcesBuildPhase;
			buildActionMask = 2147483647;
			files = (
				1CE31AA01FFD1CF100248A69 /* PRMModelFactoryTests.m in Sources */,
				1CE31AA51FFD296400248A69 /* PRMModelControllerTests.m in Sources */,
				F888BF481D86A6B400218030 /* PremierObjCTests.m in Sources */,
			);
			runOnlyForDeploymentPostprocessing = 0;
		};
/* End PBXSourcesBuildPhase section */

/* Begin PBXTargetDependency section */
		F888BF451D86A6B400218030 /* PBXTargetDependency */ = {
			isa = PBXTargetDependency;
			target = F888BF291D86A6B300218030 /* PremierObjC */;
			targetProxy = F888BF441D86A6B400218030 /* PBXContainerItemProxy */;
		};
/* End PBXTargetDependency section */

/* Begin PBXVariantGroup section */
		F888BF3B1D86A6B300218030 /* LaunchScreen.storyboard */ = {
			isa = PBXVariantGroup;
			children = (
				F888BF3C1D86A6B300218030 /* Base */,
			);
			name = LaunchScreen.storyboard;
			path = .;
			sourceTree = "<group>";
		};
/* End PBXVariantGroup section */

/* Begin XCBuildConfiguration section */
		F888BF4A1D86A6B400218030 /* Debug */ = {
			isa = XCBuildConfiguration;
			buildSettings = {
				ALWAYS_SEARCH_USER_PATHS = NO;
				CLANG_ANALYZER_NONNULL = YES;
				CLANG_CXX_LANGUAGE_STANDARD = "gnu++0x";
				CLANG_CXX_LIBRARY = "libc++";
				CLANG_ENABLE_MODULES = YES;
				CLANG_ENABLE_OBJC_ARC = YES;
				CLANG_WARN_BLOCK_CAPTURE_AUTORELEASING = YES;
				CLANG_WARN_BOOL_CONVERSION = YES;
				CLANG_WARN_COMMA = YES;
				CLANG_WARN_CONSTANT_CONVERSION = YES;
				CLANG_WARN_DIRECT_OBJC_ISA_USAGE = YES_ERROR;
				CLANG_WARN_DOCUMENTATION_COMMENTS = YES;
				CLANG_WARN_EMPTY_BODY = YES;
				CLANG_WARN_ENUM_CONVERSION = YES;
				CLANG_WARN_INFINITE_RECURSION = YES;
				CLANG_WARN_INT_CONVERSION = YES;
				CLANG_WARN_NON_LITERAL_NULL_CONVERSION = YES;
				CLANG_WARN_OBJC_LITERAL_CONVERSION = YES;
				CLANG_WARN_OBJC_ROOT_CLASS = YES_ERROR;
				CLANG_WARN_RANGE_LOOP_ANALYSIS = YES;
				CLANG_WARN_STRICT_PROTOTYPES = YES;
				CLANG_WARN_SUSPICIOUS_MOVE = YES;
				CLANG_WARN_SUSPICIOUS_MOVES = YES;
				CLANG_WARN_UNREACHABLE_CODE = YES;
				CLANG_WARN__DUPLICATE_METHOD_MATCH = YES;
				"CODE_SIGN_IDENTITY[sdk=iphoneos*]" = "iPhone Developer";
				COPY_PHASE_STRIP = NO;
				DEBUG_INFORMATION_FORMAT = dwarf;
				ENABLE_STRICT_OBJC_MSGSEND = YES;
				ENABLE_TESTABILITY = YES;
				GCC_C_LANGUAGE_STANDARD = gnu99;
				GCC_DYNAMIC_NO_PIC = NO;
				GCC_NO_COMMON_BLOCKS = YES;
				GCC_OPTIMIZATION_LEVEL = 0;
				GCC_PREPROCESSOR_DEFINITIONS = (
					"DEBUG=1",
					"$(inherited)",
				);
				GCC_WARN_64_TO_32_BIT_CONVERSION = YES;
				GCC_WARN_ABOUT_RETURN_TYPE = YES_ERROR;
				GCC_WARN_UNDECLARED_SELECTOR = YES;
				GCC_WARN_UNINITIALIZED_AUTOS = YES_AGGRESSIVE;
				GCC_WARN_UNUSED_FUNCTION = YES;
				GCC_WARN_UNUSED_VARIABLE = YES;
				IPHONEOS_DEPLOYMENT_TARGET = 11.0;
				MTL_ENABLE_DEBUG_INFO = YES;
				ONLY_ACTIVE_ARCH = YES;
				SDKROOT = iphoneos;
			};
			name = Debug;
		};
		F888BF4B1D86A6B400218030 /* Release */ = {
			isa = XCBuildConfiguration;
			buildSettings = {
				ALWAYS_SEARCH_USER_PATHS = NO;
				CLANG_ANALYZER_NONNULL = YES;
				CLANG_CXX_LANGUAGE_STANDARD = "gnu++0x";
				CLANG_CXX_LIBRARY = "libc++";
				CLANG_ENABLE_MODULES = YES;
				CLANG_ENABLE_OBJC_ARC = YES;
				CLANG_WARN_BLOCK_CAPTURE_AUTORELEASING = YES;
				CLANG_WARN_BOOL_CONVERSION = YES;
				CLANG_WARN_COMMA = YES;
				CLANG_WARN_CONSTANT_CONVERSION = YES;
				CLANG_WARN_DIRECT_OBJC_ISA_USAGE = YES_ERROR;
				CLANG_WARN_DOCUMENTATION_COMMENTS = YES;
				CLANG_WARN_EMPTY_BODY = YES;
				CLANG_WARN_ENUM_CONVERSION = YES;
				CLANG_WARN_INFINITE_RECURSION = YES;
				CLANG_WARN_INT_CONVERSION = YES;
				CLANG_WARN_NON_LITERAL_NULL_CONVERSION = YES;
				CLANG_WARN_OBJC_LITERAL_CONVERSION = YES;
				CLANG_WARN_OBJC_ROOT_CLASS = YES_ERROR;
				CLANG_WARN_RANGE_LOOP_ANALYSIS = YES;
				CLANG_WARN_STRICT_PROTOTYPES = YES;
				CLANG_WARN_SUSPICIOUS_MOVE = YES;
				CLANG_WARN_SUSPICIOUS_MOVES = YES;
				CLANG_WARN_UNREACHABLE_CODE = YES;
				CLANG_WARN__DUPLICATE_METHOD_MATCH = YES;
				"CODE_SIGN_IDENTITY[sdk=iphoneos*]" = "iPhone Developer";
				COPY_PHASE_STRIP = NO;
				DEBUG_INFORMATION_FORMAT = "dwarf-with-dsym";
				ENABLE_NS_ASSERTIONS = NO;
				ENABLE_STRICT_OBJC_MSGSEND = YES;
				GCC_C_LANGUAGE_STANDARD = gnu99;
				GCC_NO_COMMON_BLOCKS = YES;
				GCC_WARN_64_TO_32_BIT_CONVERSION = YES;
				GCC_WARN_ABOUT_RETURN_TYPE = YES_ERROR;
				GCC_WARN_UNDECLARED_SELECTOR = YES;
				GCC_WARN_UNINITIALIZED_AUTOS = YES_AGGRESSIVE;
				GCC_WARN_UNUSED_FUNCTION = YES;
				GCC_WARN_UNUSED_VARIABLE = YES;
				IPHONEOS_DEPLOYMENT_TARGET = 11.0;
				MTL_ENABLE_DEBUG_INFO = NO;
				SDKROOT = iphoneos;
				VALIDATE_PRODUCT = YES;
			};
			name = Release;
		};
		F888BF4D1D86A6B400218030 /* Debug */ = {
			isa = XCBuildConfiguration;
			baseConfigurationReference = 532037C0492243BF81050047 /* Pods-PremierObjC.debug.xcconfig */;
			buildSettings = {
				ASSETCATALOG_COMPILER_APPICON_NAME = AppIcon;
				DEVELOPMENT_TEAM = 48F92RBXW5;
				INFOPLIST_FILE = PremierObjC/Info.plist;
				LD_RUNPATH_SEARCH_PATHS = "$(inherited) @executable_path/Frameworks";
				PRODUCT_BUNDLE_IDENTIFIER = deliveroo.PremierObjC;
				PRODUCT_NAME = "$(TARGET_NAME)";
			};
			name = Debug;
		};
		F888BF4E1D86A6B400218030 /* Release */ = {
			isa = XCBuildConfiguration;
			baseConfigurationReference = 95F43F620E67A93082B61481 /* Pods-PremierObjC.release.xcconfig */;
			buildSettings = {
				ASSETCATALOG_COMPILER_APPICON_NAME = AppIcon;
				DEVELOPMENT_TEAM = 48F92RBXW5;
				INFOPLIST_FILE = PremierObjC/Info.plist;
				LD_RUNPATH_SEARCH_PATHS = "$(inherited) @executable_path/Frameworks";
				PRODUCT_BUNDLE_IDENTIFIER = deliveroo.PremierObjC;
				PRODUCT_NAME = "$(TARGET_NAME)";
			};
			name = Release;
		};
		F888BF501D86A6B400218030 /* Debug */ = {
			isa = XCBuildConfiguration;
			baseConfigurationReference = 070145B8736C3204A596B70B /* Pods-PremierObjCTests.debug.xcconfig */;
			buildSettings = {
				BUNDLE_LOADER = "$(TEST_HOST)";
				INFOPLIST_FILE = PremierObjCTests/Info.plist;
				LD_RUNPATH_SEARCH_PATHS = "$(inherited) @executable_path/Frameworks @loader_path/Frameworks";
				PRODUCT_BUNDLE_IDENTIFIER = deliveroo.PremierObjCTests;
				PRODUCT_NAME = "$(TARGET_NAME)";
				TEST_HOST = "$(BUILT_PRODUCTS_DIR)/PremierObjC.app/PremierObjC";
			};
			name = Debug;
		};
		F888BF511D86A6B400218030 /* Release */ = {
			isa = XCBuildConfiguration;
			baseConfigurationReference = A29D4442223DA2519DDC043E /* Pods-PremierObjCTests.release.xcconfig */;
			buildSettings = {
				BUNDLE_LOADER = "$(TEST_HOST)";
				INFOPLIST_FILE = PremierObjCTests/Info.plist;
				LD_RUNPATH_SEARCH_PATHS = "$(inherited) @executable_path/Frameworks @loader_path/Frameworks";
				PRODUCT_BUNDLE_IDENTIFIER = deliveroo.PremierObjCTests;
				PRODUCT_NAME = "$(TARGET_NAME)";
				TEST_HOST = "$(BUILT_PRODUCTS_DIR)/PremierObjC.app/PremierObjC";
			};
			name = Release;
		};
/* End XCBuildConfiguration section */

/* Begin XCConfigurationList section */
		F888BF251D86A6B300218030 /* Build configuration list for PBXProject "PremierObjC" */ = {
			isa = XCConfigurationList;
			buildConfigurations = (
				F888BF4A1D86A6B400218030 /* Debug */,
				F888BF4B1D86A6B400218030 /* Release */,
			);
			defaultConfigurationIsVisible = 0;
			defaultConfigurationName = Release;
		};
		F888BF4C1D86A6B400218030 /* Build configuration list for PBXNativeTarget "PremierObjC" */ = {
			isa = XCConfigurationList;
			buildConfigurations = (
				F888BF4D1D86A6B400218030 /* Debug */,
				F888BF4E1D86A6B400218030 /* Release */,
			);
			defaultConfigurationIsVisible = 0;
			defaultConfigurationName = Release;
		};
		F888BF4F1D86A6B400218030 /* Build configuration list for PBXNativeTarget "PremierObjCTests" */ = {
			isa = XCConfigurationList;
			buildConfigurations = (
				F888BF501D86A6B400218030 /* Debug */,
				F888BF511D86A6B400218030 /* Release */,
			);
			defaultConfigurationIsVisible = 0;
			defaultConfigurationName = Release;
		};
/* End XCConfigurationList section */
	};
	rootObject = F888BF221D86A6B300218030 /* Project object */;
}
